
Microsoft Visual Studio Solution File, Format Version 12.00
# Visual Studio Version 17
VisualStudioVersion = 17.0.31919.166
MinimumVisualStudioVersion = 10.0.40219.1
Project("{2150E333-8FDC-42A3-9474-1A3956D46DE8}") = "cours", "cours", "{001E3DD5-8A8B-466A-9EB8-2E5273905046}"
EndProject
Project("{2150E333-8FDC-42A3-9474-1A3956D46DE8}") = "les types de variables", "les types de variables", "{14904303-C708-44F6-A046-180A5DF5C309}"
EndProject
Project("{9A19103F-16F7-4668-BE54-9A1E7A4F7556}") = "LesVariables", "LesVariables\LesVariables.csproj", "{AABDB39A-B0F4-416C-93D0-A74072E0836C}"
EndProject
Project("{2150E333-8FDC-42A3-9474-1A3956D46DE8}") = "LaConsole", "LaConsole", "{EF3AD46E-401F-4024-80A7-75A40FE2A070}"
	ProjectSection(SolutionItems) = preProject
		Affichage\Affichage.csproj = Affichage\Affichage.csproj
		Affichage\Program.cs = Affichage\Program.cs
	EndProjectSection
EndProject
Project("{2150E333-8FDC-42A3-9474-1A3956D46DE8}") = "LeCastingEtBoxing", "LeCastingEtBoxing", "{7E246F2D-3DAD-4D2E-9AC1-82FD572A7BA7}"
EndProject
Project("{9A19103F-16F7-4668-BE54-9A1E7A4F7556}") = "LeCasting", "LeCasting\LeCasting.csproj", "{0CDF3033-0872-433B-9C6E-8F3D44619C56}"
EndProject
Project("{2150E333-8FDC-42A3-9474-1A3956D46DE8}") = "LesConditionsEtBoucles", "LesConditionsEtBoucles", "{15F1C3A1-3BD3-43E6-9656-ECEC4D38DE4B}"
EndProject
Project("{9A19103F-16F7-4668-BE54-9A1E7A4F7556}") = "InstructionIfElse", "InstructionIfElse\InstructionIfElse.csproj", "{9B43D9C5-1C34-49B1-B1B5-78ECA8101AC6}"
EndProject
Project("{2150E333-8FDC-42A3-9474-1A3956D46DE8}") = "POO", "POO", "{340F8802-6393-416E-820B-AFC7F01D7302}"
EndProject
Project("{2150E333-8FDC-42A3-9474-1A3956D46DE8}") = "cours", "cours", "{83E973D1-C5A1-4B42-B02B-E476D87727C2}"
EndProject
Project("{2150E333-8FDC-42A3-9474-1A3956D46DE8}") = "Tp", "Tp", "{78444645-3DE2-45A3-86AE-433463BA3A0B}"
EndProject
Project("{9A19103F-16F7-4668-BE54-9A1E7A4F7556}") = "PremiereClasse", "PremiereClasse\PremiereClasse.csproj", "{B890FDE3-B5D2-495C-B586-264D714D7FC8}"
EndProject
Project("{2150E333-8FDC-42A3-9474-1A3956D46DE8}") = "ClasseChaise", "ClasseChaise", "{BE3525F5-BE8B-40C8-B124-4205D5E6B7EA}"
EndProject
Project("{9A19103F-16F7-4668-BE54-9A1E7A4F7556}") = "ClasseChaise", "ClasseChaise\ClasseChaise.csproj", "{647FA09D-74C4-44A2-B28A-6A5DA76666B2}"
EndProject
Project("{2150E333-8FDC-42A3-9474-1A3956D46DE8}") = "ClasseSalarie", "ClasseSalarie", "{CD6D8F51-CA36-438F-B4AD-529AAE9CD708}"
EndProject
Project("{9A19103F-16F7-4668-BE54-9A1E7A4F7556}") = "TpClasseSalarie", "TpClasseSalarie\TpClasseSalarie.csproj", "{6CEDF350-15A1-474D-9691-C5957AE8E1A8}"
EndProject
Project("{2150E333-8FDC-42A3-9474-1A3956D46DE8}") = "ClassePersonne", "ClassePersonne", "{BFD4CCCD-7368-45DA-9556-C204D62D5C5A}"
EndProject
Project("{9A19103F-16F7-4668-BE54-9A1E7A4F7556}") = "Personne", "Personne\Personne.csproj", "{103DDB04-C5C6-4DE1-9402-7440D776FADC}"
EndProject
Project("{9A19103F-16F7-4668-BE54-9A1E7A4F7556}") = "TpClassePersonne", "TpClassePersonne\TpClassePersonne.csproj", "{AF857CED-9474-4527-ADB9-9D74D3C8EF02}"
EndProject
Project("{2150E333-8FDC-42A3-9474-1A3956D46DE8}") = "ClassePendu", "ClassePendu", "{25BD422B-82D7-4419-8943-C4DF4EC6A337}"
EndProject
Project("{9A19103F-16F7-4668-BE54-9A1E7A4F7556}") = "TpClassePendu", "TpClassePendu\TpClassePendu.csproj", "{3AE2E44B-050F-42D8-A090-7E7F58966166}"
EndProject
Project("{2150E333-8FDC-42A3-9474-1A3956D46DE8}") = "ClasseCompteBancaire", "ClasseCompteBancaire", "{E265EA7F-5AF3-4F3E-BF2C-8AB3D197F9C1}"
EndProject
Project("{9A19103F-16F7-4668-BE54-9A1E7A4F7556}") = "TpListCompteBancaire", "TpListCompteBancaire\TpListCompteBancaire.csproj", "{DDC83DAB-D70E-4B30-B12A-B7660CB5A39E}"
EndProject
Project("{2150E333-8FDC-42A3-9474-1A3956D46DE8}") = "ClasseHeritageSalarie", "ClasseHeritageSalarie", "{EC5BF156-6F94-4C41-AE27-3BC985AFE6CA}"
EndProject
Project("{9A19103F-16F7-4668-BE54-9A1E7A4F7556}") = "TpClasseHeritageSalarie", "TpClasseHeritageSalarie\TpClasseHeritageSalarie.csproj", "{DEA713EE-310E-4FA3-9057-D194AEB14991}"
EndProject
Project("{9A19103F-16F7-4668-BE54-9A1E7A4F7556}") = "LesEnums", "LesEnums\LesEnums.csproj", "{5F1B0DDE-FE2E-4F70-9662-D614C6D82E78}"
EndProject
Project("{9A19103F-16F7-4668-BE54-9A1E7A4F7556}") = "LesGeneriques", "LesGeneriques\LesGeneriques.csproj", "{94474AD7-13EC-46F3-83AB-3A059BB6A3EA}"
EndProject
Project("{2150E333-8FDC-42A3-9474-1A3956D46DE8}") = "TheGreatTp", "TheGreatTp", "{AD843B5D-8BFE-4A00-A989-EFAB5E8DADCF}"
EndProject
Project("{9A19103F-16F7-4668-BE54-9A1E7A4F7556}") = "TheGreatTp", "TheGreatTp\TheGreatTp.csproj", "{10D2C95F-1C46-4556-A1B1-AB19285299D5}"
EndProject
Project("{2150E333-8FDC-42A3-9474-1A3956D46DE8}") = "FormationSQL", "FormationSQL", "{BAF428CE-1211-4A7B-B095-DBC87FE2EEFB}"
EndProject
Project("{2150E333-8FDC-42A3-9474-1A3956D46DE8}") = "LanguageSQL", "LanguageSQL", "{55C71B38-DEBE-4244-8788-90FB109714A3}"
EndProject
Project("{2150E333-8FDC-42A3-9474-1A3956D46DE8}") = "1-PremiereTable", "1-PremiereTable", "{20AB9DB8-0BAF-4E9C-B2C1-7C5920F85FE9}"
EndProject
Project("{2150E333-8FDC-42A3-9474-1A3956D46DE8}") = "$$$ Script SQL $$$", "$$$ Script SQL $$$", "{96D7CD62-F41B-470D-91AC-BFF9E280F7AC}"
	ProjectSection(SolutionItems) = preProject
		AjoutUtilisateur.sql = AjoutUtilisateur.sql
		CreationTable.sql = CreationTable.sql
		Restoration.sql = Restoration.sql
	EndProjectSection
EndProject
Project("{2150E333-8FDC-42A3-9474-1A3956D46DE8}") = "2-CoursRequetesSQL", "2-CoursRequetesSQL", "{4AEE1678-3A74-4315-AD67-D90EB2E44E65}"
EndProject
Project("{2150E333-8FDC-42A3-9474-1A3956D46DE8}") = "$$$ Script SQL $$$", "$$$ Script SQL $$$", "{0842E00C-EBDE-4EA6-949C-068DCDA21143}"
	ProjectSection(SolutionItems) = preProject
		..\..\..\..\..\Users\Micka\Downloads\Banque-SQLServer.sql = ..\..\..\..\..\Users\Micka\Downloads\Banque-SQLServer.sql
	EndProjectSection
EndProject
Project("{2150E333-8FDC-42A3-9474-1A3956D46DE8}") = "1-SELECT", "1-SELECT", "{568C4B55-BFD1-4D61-8326-84D042C8AF11}"
	ProjectSection(SolutionItems) = preProject
		01-SELECT_ALIAS.sql = 01-SELECT_ALIAS.sql
		02-SELECT_COLUMN.sql = 02-SELECT_COLUMN.sql
		03-SELECT_CONVERT.sql = 03-SELECT_CONVERT.sql
		04-SELECT_DISTINCT.sql = 04-SELECT_DISTINCT.sql
		05-SELECT_WHERE.sql = 05-SELECT_WHERE.sql
		06-SELECT_AND_LIKE.sql = 06-SELECT_AND_LIKE.sql
		07-SELECT_IN.sql = 07-SELECT_IN.sql
		08-SELECT_BETWEEN.sql = 08-SELECT_BETWEEN.sql
		09-SELECT_ORDER_BY.sql = 09-SELECT_ORDER_BY.sql
		10-SELECT_GROUP_BY.sql = 10-SELECT_GROUP_BY.sql
		11-SELECT_HAVING.sql = 11-SELECT_HAVING.sql
	EndProjectSection
EndProject
Project("{2150E333-8FDC-42A3-9474-1A3956D46DE8}") = "5-FONCTIONS", "5-FONCTIONS", "{C0702585-8982-47BE-AE73-707C5506F513}"
	ProjectSection(SolutionItems) = preProject
		01-Count.sql = 01-Count.sql
		02-Sum.sql = 02-Sum.sql
		03-AVG.sql = 03-AVG.sql
		04-MIN.sql = 04-MIN.sql
		05-Max.sql = 05-Max.sql
	EndProjectSection
EndProject
Project("{2150E333-8FDC-42A3-9474-1A3956D46DE8}") = "2-INSERT", "2-INSERT", "{E898C072-03A9-48B4-B8F0-9774E0D04A18}"
	ProjectSection(SolutionItems) = preProject
		01-INSERT_INTO.sql = 01-INSERT_INTO.sql
		02-INSERT_INTO_SELECT.sql = 02-INSERT_INTO_SELECT.sql
	EndProjectSection
EndProject
Project("{2150E333-8FDC-42A3-9474-1A3956D46DE8}") = "3-UPDATE", "3-UPDATE", "{A9AB22B0-17FE-4816-8B68-0D3E5B0A3080}"
	ProjectSection(SolutionItems) = preProject
		Update.sql = Update.sql
	EndProjectSection
EndProject
Project("{2150E333-8FDC-42A3-9474-1A3956D46DE8}") = "4-DELETE", "4-DELETE", "{8EF467AB-BDAA-4FB4-92DC-10B0D49866B9}"
	ProjectSection(SolutionItems) = preProject
		DELETE.sql = DELETE.sql
	EndProjectSection
EndProject
Project("{2150E333-8FDC-42A3-9474-1A3956D46DE8}") = "6-JOINTURES", "6-JOINTURES", "{A8AC8E7B-9289-423B-9289-358B610D3B34}"
EndProject
Project("{2150E333-8FDC-42A3-9474-1A3956D46DE8}") = "Exercice1", "Exercice1", "{6BA8C122-10A0-46AC-8640-7EF49AB892BA}"
	ProjectSection(SolutionItems) = preProject
		AffichageParMail.sql = AffichageParMail.sql
		AffichageParTitre.sql = AffichageParTitre.sql
		AfficherTable.sql = AfficherTable.sql
		AfficherTableCroissant.sql = AfficherTableCroissant.sql
		AjoutPersonne.sql = AjoutPersonne.sql
		CréationDeTable.sql = CréationDeTable.sql
	EndProjectSection
EndProject
Project("{2150E333-8FDC-42A3-9474-1A3956D46DE8}") = "Exercice2", "Exercice2", "{CFC83D69-3F1A-4B20-A6E1-C30D92399F19}"
	ProjectSection(SolutionItems) = preProject
		AjouterLivres.sql = AjouterLivres.sql
		CreationTableLivre.sql = CreationTableLivre.sql
		Reponse1.sql = Reponse1.sql
		Reponse2.sql = Reponse2.sql
		Reponse3.sql = Reponse3.sql
		Reponse4.sql = Reponse4.sql
		Reponse5.sql = Reponse5.sql
		Reponse6.sql = Reponse6.sql
		Reponse7.sql = Reponse7.sql
		Reponse8.sql = Reponse8.sql
		Reponse9.sql = Reponse9.sql
	EndProjectSection
EndProject
Project("{2150E333-8FDC-42A3-9474-1A3956D46DE8}") = "FormationAdoNet", "FormationAdoNet", "{BBDD39D5-1BA9-48E7-8E5F-26D9BA3A2102}"
EndProject
Project("{9A19103F-16F7-4668-BE54-9A1E7A4F7556}") = "CoursAdoNet", "CoursAdoNet\CoursAdoNet.csproj", "{D4CCDD61-8349-4F9F-9084-5B90D8DB7CF1}"
EndProject
Project("{2150E333-8FDC-42A3-9474-1A3956D46DE8}") = "TableCompteBancaire", "TableCompteBancaire", "{CCEC4181-D1B4-4F8F-8C63-AB05B9886566}"
	ProjectSection(SolutionItems) = preProject
		CreateTableCompteBancaire.sql = CreateTableCompteBancaire.sql
	EndProjectSection
EndProject
Project("{2150E333-8FDC-42A3-9474-1A3956D46DE8}") = "AdoNET", "AdoNET", "{993AFBB7-6067-4728-B047-4BE742B917F8}"
EndProject
Project("{2150E333-8FDC-42A3-9474-1A3956D46DE8}") = "TpCompteBancaire", "TpCompteBancaire", "{F342E254-D794-44E3-995E-9E7A87AE6C0F}"
EndProject
Project("{9A19103F-16F7-4668-BE54-9A1E7A4F7556}") = "TpCompteBancaireAdo", "TpCompteBancaireAdo\TpCompteBancaireAdo.csproj", "{1DC2B020-CE7F-449A-892C-4245866FE738}"
EndProject
Project("{2150E333-8FDC-42A3-9474-1A3956D46DE8}") = "FormationWPF", "FormationWPF", "{0E0C0523-901F-4544-AFA8-5BC431C748F2}"
EndProject
Project("{2150E333-8FDC-42A3-9474-1A3956D46DE8}") = "Exercices", "Exercices", "{A95787A7-72C6-422C-9EDE-27E80F30FF35}"
EndProject
Project("{2150E333-8FDC-42A3-9474-1A3956D46DE8}") = "Cours", "Cours", "{C3C80085-7236-469E-A0EC-EF764B2234B2}"
EndProject
Project("{9A19103F-16F7-4668-BE54-9A1E7A4F7556}") = "CoursWPF", "CoursWPF\CoursWPF.csproj", "{DE77583E-308C-4CF1-84CF-E608AA808CD3}"
EndProject
Project("{9A19103F-16F7-4668-BE54-9A1E7A4F7556}") = "ExerciceGrid", "ExerciceGrid\ExerciceGrid.csproj", "{EF6F9637-1028-42DC-B857-F5735AEC79DD}"
EndProject
Project("{FAE04EC0-301F-11D3-BF4B-00C04F79EFBC}") = "DataBindingWindow", "DataBindingWindow\DataBindingWindow.csproj", "{E8A0404A-373A-424F-A040-860357B00AAA}"
EndProject
Global
	GlobalSection(SolutionConfigurationPlatforms) = preSolution
		Debug|Any CPU = Debug|Any CPU
		Release|Any CPU = Release|Any CPU
	EndGlobalSection
	GlobalSection(ProjectConfigurationPlatforms) = postSolution
		{AABDB39A-B0F4-416C-93D0-A74072E0836C}.Debug|Any CPU.ActiveCfg = Debug|Any CPU
		{AABDB39A-B0F4-416C-93D0-A74072E0836C}.Debug|Any CPU.Build.0 = Debug|Any CPU
		{AABDB39A-B0F4-416C-93D0-A74072E0836C}.Release|Any CPU.ActiveCfg = Release|Any CPU
		{AABDB39A-B0F4-416C-93D0-A74072E0836C}.Release|Any CPU.Build.0 = Release|Any CPU
		{0CDF3033-0872-433B-9C6E-8F3D44619C56}.Debug|Any CPU.ActiveCfg = Debug|Any CPU
		{0CDF3033-0872-433B-9C6E-8F3D44619C56}.Debug|Any CPU.Build.0 = Debug|Any CPU
		{0CDF3033-0872-433B-9C6E-8F3D44619C56}.Release|Any CPU.ActiveCfg = Release|Any CPU
		{0CDF3033-0872-433B-9C6E-8F3D44619C56}.Release|Any CPU.Build.0 = Release|Any CPU
		{9B43D9C5-1C34-49B1-B1B5-78ECA8101AC6}.Debug|Any CPU.ActiveCfg = Debug|Any CPU
		{9B43D9C5-1C34-49B1-B1B5-78ECA8101AC6}.Debug|Any CPU.Build.0 = Debug|Any CPU
		{9B43D9C5-1C34-49B1-B1B5-78ECA8101AC6}.Release|Any CPU.ActiveCfg = Release|Any CPU
		{9B43D9C5-1C34-49B1-B1B5-78ECA8101AC6}.Release|Any CPU.Build.0 = Release|Any CPU
		{B890FDE3-B5D2-495C-B586-264D714D7FC8}.Debug|Any CPU.ActiveCfg = Debug|Any CPU
		{B890FDE3-B5D2-495C-B586-264D714D7FC8}.Debug|Any CPU.Build.0 = Debug|Any CPU
		{B890FDE3-B5D2-495C-B586-264D714D7FC8}.Release|Any CPU.ActiveCfg = Release|Any CPU
		{B890FDE3-B5D2-495C-B586-264D714D7FC8}.Release|Any CPU.Build.0 = Release|Any CPU
		{647FA09D-74C4-44A2-B28A-6A5DA76666B2}.Debug|Any CPU.ActiveCfg = Debug|Any CPU
		{647FA09D-74C4-44A2-B28A-6A5DA76666B2}.Debug|Any CPU.Build.0 = Debug|Any CPU
		{647FA09D-74C4-44A2-B28A-6A5DA76666B2}.Release|Any CPU.ActiveCfg = Release|Any CPU
		{647FA09D-74C4-44A2-B28A-6A5DA76666B2}.Release|Any CPU.Build.0 = Release|Any CPU
		{6CEDF350-15A1-474D-9691-C5957AE8E1A8}.Debug|Any CPU.ActiveCfg = Debug|Any CPU
		{6CEDF350-15A1-474D-9691-C5957AE8E1A8}.Debug|Any CPU.Build.0 = Debug|Any CPU
		{6CEDF350-15A1-474D-9691-C5957AE8E1A8}.Release|Any CPU.ActiveCfg = Release|Any CPU
		{6CEDF350-15A1-474D-9691-C5957AE8E1A8}.Release|Any CPU.Build.0 = Release|Any CPU
		{103DDB04-C5C6-4DE1-9402-7440D776FADC}.Debug|Any CPU.ActiveCfg = Debug|Any CPU
		{103DDB04-C5C6-4DE1-9402-7440D776FADC}.Debug|Any CPU.Build.0 = Debug|Any CPU
		{103DDB04-C5C6-4DE1-9402-7440D776FADC}.Release|Any CPU.ActiveCfg = Release|Any CPU
		{103DDB04-C5C6-4DE1-9402-7440D776FADC}.Release|Any CPU.Build.0 = Release|Any CPU
		{AF857CED-9474-4527-ADB9-9D74D3C8EF02}.Debug|Any CPU.ActiveCfg = Debug|Any CPU
		{AF857CED-9474-4527-ADB9-9D74D3C8EF02}.Debug|Any CPU.Build.0 = Debug|Any CPU
		{AF857CED-9474-4527-ADB9-9D74D3C8EF02}.Release|Any CPU.ActiveCfg = Release|Any CPU
		{AF857CED-9474-4527-ADB9-9D74D3C8EF02}.Release|Any CPU.Build.0 = Release|Any CPU
		{3AE2E44B-050F-42D8-A090-7E7F58966166}.Debug|Any CPU.ActiveCfg = Debug|Any CPU
		{3AE2E44B-050F-42D8-A090-7E7F58966166}.Debug|Any CPU.Build.0 = Debug|Any CPU
		{3AE2E44B-050F-42D8-A090-7E7F58966166}.Release|Any CPU.ActiveCfg = Release|Any CPU
		{3AE2E44B-050F-42D8-A090-7E7F58966166}.Release|Any CPU.Build.0 = Release|Any CPU
		{DDC83DAB-D70E-4B30-B12A-B7660CB5A39E}.Debug|Any CPU.ActiveCfg = Debug|Any CPU
		{DDC83DAB-D70E-4B30-B12A-B7660CB5A39E}.Debug|Any CPU.Build.0 = Debug|Any CPU
		{DDC83DAB-D70E-4B30-B12A-B7660CB5A39E}.Release|Any CPU.ActiveCfg = Release|Any CPU
		{DDC83DAB-D70E-4B30-B12A-B7660CB5A39E}.Release|Any CPU.Build.0 = Release|Any CPU
		{DEA713EE-310E-4FA3-9057-D194AEB14991}.Debug|Any CPU.ActiveCfg = Debug|Any CPU
		{DEA713EE-310E-4FA3-9057-D194AEB14991}.Debug|Any CPU.Build.0 = Debug|Any CPU
		{DEA713EE-310E-4FA3-9057-D194AEB14991}.Release|Any CPU.ActiveCfg = Release|Any CPU
		{DEA713EE-310E-4FA3-9057-D194AEB14991}.Release|Any CPU.Build.0 = Release|Any CPU
		{5F1B0DDE-FE2E-4F70-9662-D614C6D82E78}.Debug|Any CPU.ActiveCfg = Debug|Any CPU
		{5F1B0DDE-FE2E-4F70-9662-D614C6D82E78}.Debug|Any CPU.Build.0 = Debug|Any CPU
		{5F1B0DDE-FE2E-4F70-9662-D614C6D82E78}.Release|Any CPU.ActiveCfg = Release|Any CPU
		{5F1B0DDE-FE2E-4F70-9662-D614C6D82E78}.Release|Any CPU.Build.0 = Release|Any CPU
		{94474AD7-13EC-46F3-83AB-3A059BB6A3EA}.Debug|Any CPU.ActiveCfg = Debug|Any CPU
		{94474AD7-13EC-46F3-83AB-3A059BB6A3EA}.Debug|Any CPU.Build.0 = Debug|Any CPU
		{94474AD7-13EC-46F3-83AB-3A059BB6A3EA}.Release|Any CPU.ActiveCfg = Release|Any CPU
		{94474AD7-13EC-46F3-83AB-3A059BB6A3EA}.Release|Any CPU.Build.0 = Release|Any CPU
		{10D2C95F-1C46-4556-A1B1-AB19285299D5}.Debug|Any CPU.ActiveCfg = Debug|Any CPU
		{10D2C95F-1C46-4556-A1B1-AB19285299D5}.Debug|Any CPU.Build.0 = Debug|Any CPU
		{10D2C95F-1C46-4556-A1B1-AB19285299D5}.Release|Any CPU.ActiveCfg = Release|Any CPU
		{10D2C95F-1C46-4556-A1B1-AB19285299D5}.Release|Any CPU.Build.0 = Release|Any CPU
		{D4CCDD61-8349-4F9F-9084-5B90D8DB7CF1}.Debug|Any CPU.ActiveCfg = Debug|Any CPU
		{D4CCDD61-8349-4F9F-9084-5B90D8DB7CF1}.Debug|Any CPU.Build.0 = Debug|Any CPU
		{D4CCDD61-8349-4F9F-9084-5B90D8DB7CF1}.Release|Any CPU.ActiveCfg = Release|Any CPU
		{D4CCDD61-8349-4F9F-9084-5B90D8DB7CF1}.Release|Any CPU.Build.0 = Release|Any CPU
		{1DC2B020-CE7F-449A-892C-4245866FE738}.Debug|Any CPU.ActiveCfg = Debug|Any CPU
		{1DC2B020-CE7F-449A-892C-4245866FE738}.Debug|Any CPU.Build.0 = Debug|Any CPU
		{1DC2B020-CE7F-449A-892C-4245866FE738}.Release|Any CPU.ActiveCfg = Release|Any CPU
		{1DC2B020-CE7F-449A-892C-4245866FE738}.Release|Any CPU.Build.0 = Release|Any CPU
		{DE77583E-308C-4CF1-84CF-E608AA808CD3}.Debug|Any CPU.ActiveCfg = Debug|Any CPU
		{DE77583E-308C-4CF1-84CF-E608AA808CD3}.Debug|Any CPU.Build.0 = Debug|Any CPU
		{DE77583E-308C-4CF1-84CF-E608AA808CD3}.Release|Any CPU.ActiveCfg = Release|Any CPU
		{DE77583E-308C-4CF1-84CF-E608AA808CD3}.Release|Any CPU.Build.0 = Release|Any CPU
		{EF6F9637-1028-42DC-B857-F5735AEC79DD}.Debug|Any CPU.ActiveCfg = Debug|Any CPU
		{EF6F9637-1028-42DC-B857-F5735AEC79DD}.Debug|Any CPU.Build.0 = Debug|Any CPU
		{EF6F9637-1028-42DC-B857-F5735AEC79DD}.Release|Any CPU.ActiveCfg = Release|Any CPU
		{EF6F9637-1028-42DC-B857-F5735AEC79DD}.Release|Any CPU.Build.0 = Release|Any CPU
		{E8A0404A-373A-424F-A040-860357B00AAA}.Debug|Any CPU.ActiveCfg = Debug|Any CPU
		{E8A0404A-373A-424F-A040-860357B00AAA}.Debug|Any CPU.Build.0 = Debug|Any CPU
		{E8A0404A-373A-424F-A040-860357B00AAA}.Release|Any CPU.ActiveCfg = Release|Any CPU
		{E8A0404A-373A-424F-A040-860357B00AAA}.Release|Any CPU.Build.0 = Release|Any CPU
	EndGlobalSection
	GlobalSection(SolutionProperties) = preSolution
		HideSolutionNode = FALSE
	EndGlobalSection
	GlobalSection(NestedProjects) = preSolution
		{14904303-C708-44F6-A046-180A5DF5C309} = {001E3DD5-8A8B-466A-9EB8-2E5273905046}
		{AABDB39A-B0F4-416C-93D0-A74072E0836C} = {14904303-C708-44F6-A046-180A5DF5C309}
		{EF3AD46E-401F-4024-80A7-75A40FE2A070} = {001E3DD5-8A8B-466A-9EB8-2E5273905046}
		{7E246F2D-3DAD-4D2E-9AC1-82FD572A7BA7} = {001E3DD5-8A8B-466A-9EB8-2E5273905046}
		{0CDF3033-0872-433B-9C6E-8F3D44619C56} = {7E246F2D-3DAD-4D2E-9AC1-82FD572A7BA7}
		{15F1C3A1-3BD3-43E6-9656-ECEC4D38DE4B} = {001E3DD5-8A8B-466A-9EB8-2E5273905046}
		{9B43D9C5-1C34-49B1-B1B5-78ECA8101AC6} = {15F1C3A1-3BD3-43E6-9656-ECEC4D38DE4B}
		{83E973D1-C5A1-4B42-B02B-E476D87727C2} = {340F8802-6393-416E-820B-AFC7F01D7302}
		{78444645-3DE2-45A3-86AE-433463BA3A0B} = {340F8802-6393-416E-820B-AFC7F01D7302}
		{B890FDE3-B5D2-495C-B586-264D714D7FC8} = {83E973D1-C5A1-4B42-B02B-E476D87727C2}
		{BE3525F5-BE8B-40C8-B124-4205D5E6B7EA} = {78444645-3DE2-45A3-86AE-433463BA3A0B}
		{647FA09D-74C4-44A2-B28A-6A5DA76666B2} = {BE3525F5-BE8B-40C8-B124-4205D5E6B7EA}
		{CD6D8F51-CA36-438F-B4AD-529AAE9CD708} = {78444645-3DE2-45A3-86AE-433463BA3A0B}
		{6CEDF350-15A1-474D-9691-C5957AE8E1A8} = {CD6D8F51-CA36-438F-B4AD-529AAE9CD708}
		{BFD4CCCD-7368-45DA-9556-C204D62D5C5A} = {78444645-3DE2-45A3-86AE-433463BA3A0B}
		{103DDB04-C5C6-4DE1-9402-7440D776FADC} = {BFD4CCCD-7368-45DA-9556-C204D62D5C5A}
		{AF857CED-9474-4527-ADB9-9D74D3C8EF02} = {BFD4CCCD-7368-45DA-9556-C204D62D5C5A}
		{25BD422B-82D7-4419-8943-C4DF4EC6A337} = {78444645-3DE2-45A3-86AE-433463BA3A0B}
		{3AE2E44B-050F-42D8-A090-7E7F58966166} = {25BD422B-82D7-4419-8943-C4DF4EC6A337}
		{E265EA7F-5AF3-4F3E-BF2C-8AB3D197F9C1} = {78444645-3DE2-45A3-86AE-433463BA3A0B}
		{DDC83DAB-D70E-4B30-B12A-B7660CB5A39E} = {E265EA7F-5AF3-4F3E-BF2C-8AB3D197F9C1}
		{EC5BF156-6F94-4C41-AE27-3BC985AFE6CA} = {78444645-3DE2-45A3-86AE-433463BA3A0B}
		{DEA713EE-310E-4FA3-9057-D194AEB14991} = {EC5BF156-6F94-4C41-AE27-3BC985AFE6CA}
		{5F1B0DDE-FE2E-4F70-9662-D614C6D82E78} = {83E973D1-C5A1-4B42-B02B-E476D87727C2}
		{94474AD7-13EC-46F3-83AB-3A059BB6A3EA} = {83E973D1-C5A1-4B42-B02B-E476D87727C2}
		{AD843B5D-8BFE-4A00-A989-EFAB5E8DADCF} = {78444645-3DE2-45A3-86AE-433463BA3A0B}
		{10D2C95F-1C46-4556-A1B1-AB19285299D5} = {AD843B5D-8BFE-4A00-A989-EFAB5E8DADCF}
		{55C71B38-DEBE-4244-8788-90FB109714A3} = {BAF428CE-1211-4A7B-B095-DBC87FE2EEFB}
		{20AB9DB8-0BAF-4E9C-B2C1-7C5920F85FE9} = {55C71B38-DEBE-4244-8788-90FB109714A3}
		{96D7CD62-F41B-470D-91AC-BFF9E280F7AC} = {20AB9DB8-0BAF-4E9C-B2C1-7C5920F85FE9}
		{4AEE1678-3A74-4315-AD67-D90EB2E44E65} = {55C71B38-DEBE-4244-8788-90FB109714A3}
		{0842E00C-EBDE-4EA6-949C-068DCDA21143} = {4AEE1678-3A74-4315-AD67-D90EB2E44E65}
		{568C4B55-BFD1-4D61-8326-84D042C8AF11} = {4AEE1678-3A74-4315-AD67-D90EB2E44E65}
		{C0702585-8982-47BE-AE73-707C5506F513} = {4AEE1678-3A74-4315-AD67-D90EB2E44E65}
		{E898C072-03A9-48B4-B8F0-9774E0D04A18} = {4AEE1678-3A74-4315-AD67-D90EB2E44E65}
		{A9AB22B0-17FE-4816-8B68-0D3E5B0A3080} = {4AEE1678-3A74-4315-AD67-D90EB2E44E65}
		{8EF467AB-BDAA-4FB4-92DC-10B0D49866B9} = {4AEE1678-3A74-4315-AD67-D90EB2E44E65}
		{A8AC8E7B-9289-423B-9289-358B610D3B34} = {4AEE1678-3A74-4315-AD67-D90EB2E44E65}
		{6BA8C122-10A0-46AC-8640-7EF49AB892BA} = {BAF428CE-1211-4A7B-B095-DBC87FE2EEFB}
		{CFC83D69-3F1A-4B20-A6E1-C30D92399F19} = {BAF428CE-1211-4A7B-B095-DBC87FE2EEFB}
		{BBDD39D5-1BA9-48E7-8E5F-26D9BA3A2102} = {001E3DD5-8A8B-466A-9EB8-2E5273905046}
		{D4CCDD61-8349-4F9F-9084-5B90D8DB7CF1} = {BBDD39D5-1BA9-48E7-8E5F-26D9BA3A2102}
		{CCEC4181-D1B4-4F8F-8C63-AB05B9886566} = {BAF428CE-1211-4A7B-B095-DBC87FE2EEFB}
		{F342E254-D794-44E3-995E-9E7A87AE6C0F} = {993AFBB7-6067-4728-B047-4BE742B917F8}
		{1DC2B020-CE7F-449A-892C-4245866FE738} = {F342E254-D794-44E3-995E-9E7A87AE6C0F}
		{0E0C0523-901F-4544-AFA8-5BC431C748F2} = {001E3DD5-8A8B-466A-9EB8-2E5273905046}
		{A95787A7-72C6-422C-9EDE-27E80F30FF35} = {0E0C0523-901F-4544-AFA8-5BC431C748F2}
		{C3C80085-7236-469E-A0EC-EF764B2234B2} = {0E0C0523-901F-4544-AFA8-5BC431C748F2}
		{DE77583E-308C-4CF1-84CF-E608AA808CD3} = {C3C80085-7236-469E-A0EC-EF764B2234B2}
		{EF6F9637-1028-42DC-B857-F5735AEC79DD} = {A95787A7-72C6-422C-9EDE-27E80F30FF35}
		{E8A0404A-373A-424F-A040-860357B00AAA} = {001E3DD5-8A8B-466A-9EB8-2E5273905046}
	EndGlobalSection
	GlobalSection(ExtensibilityGlobals) = postSolution
		SolutionGuid = {3492CFAA-0E9A-453D-91BB-02ED5D2F7EA2}
	EndGlobalSection
EndGlobal
