
Microsoft Visual Studio Solution File, Format Version 12.00
# Visual Studio Version 17
VisualStudioVersion = 17.0.31919.166
MinimumVisualStudioVersion = 10.0.40219.1
Project("{FAE04EC0-301F-11D3-BF4B-00C04F79EFBC}") = "Exercice11", "Exercice11\Exercice11.csproj", "{49452C5A-90DA-478F-931F-EF3F365D4144}"
EndProject
Global
	GlobalSection(SolutionConfigurationPlatforms) = preSolution
		Debug|Any CPU = Debug|Any CPU
		Release|Any CPU = Release|Any CPU
	EndGlobalSection
	GlobalSection(ProjectConfigurationPlatforms) = postSolution
		{49452C5A-90DA-478F-931F-EF3F365D4144}.Debug|Any CPU.ActiveCfg = Debug|Any CPU
		{49452C5A-90DA-478F-931F-EF3F365D4144}.Debug|Any CPU.Build.0 = Debug|Any CPU
		{49452C5A-90DA-478F-931F-EF3F365D4144}.Release|Any CPU.ActiveCfg = Release|Any CPU
		{49452C5A-90DA-478F-931F-EF3F365D4144}.Release|Any CPU.Build.0 = Release|Any CPU
	EndGlobalSection
	GlobalSection(SolutionProperties) = preSolution
		HideSolutionNode = FALSE
	EndGlobalSection
	GlobalSection(ExtensibilityGlobals) = postSolution
		SolutionGuid = {5E196A56-70DE-4CB8-8E79-32655FAB979C}
	EndGlobalSection
EndGlobal
