
Microsoft Visual Studio Solution File, Format Version 12.00
# Visual Studio Version 17
VisualStudioVersion = 17.0.31919.166
MinimumVisualStudioVersion = 10.0.40219.1
Project("{FAE04EC0-301F-11D3-BF4B-00C04F79EFBC}") = "Exercice22", "Exercice22\Exercice22.csproj", "{0063FDA5-60D1-4452-90D4-E016930B60E8}"
EndProject
Global
	GlobalSection(SolutionConfigurationPlatforms) = preSolution
		Debug|Any CPU = Debug|Any CPU
		Release|Any CPU = Release|Any CPU
	EndGlobalSection
	GlobalSection(ProjectConfigurationPlatforms) = postSolution
		{0063FDA5-60D1-4452-90D4-E016930B60E8}.Debug|Any CPU.ActiveCfg = Debug|Any CPU
		{0063FDA5-60D1-4452-90D4-E016930B60E8}.Debug|Any CPU.Build.0 = Debug|Any CPU
		{0063FDA5-60D1-4452-90D4-E016930B60E8}.Release|Any CPU.ActiveCfg = Release|Any CPU
		{0063FDA5-60D1-4452-90D4-E016930B60E8}.Release|Any CPU.Build.0 = Release|Any CPU
	EndGlobalSection
	GlobalSection(SolutionProperties) = preSolution
		HideSolutionNode = FALSE
	EndGlobalSection
	GlobalSection(ExtensibilityGlobals) = postSolution
		SolutionGuid = {EA690E2F-62A5-49DC-9232-9DAC0524F65E}
	EndGlobalSection
EndGlobal
